<?xml version="1.0" encoding="utf-8"?>
<Project ToolsVersion="4.0" xmlns="http://schemas.microsoft.com/developer/msbuild/2003">
  <ItemGroup>
    <Filter Include="Garage">
      <UniqueIdentifier>{CCBF98B4-B861-C38A-A11C-D7DE8D5D4ADB}</UniqueIdentifier>
    </Filter>
  </ItemGroup>
  <ItemGroup>
    <ClInclude Include="src\Garage.h" />
    <ClInclude Include="src\Garage\Application.h">
      <Filter>Garage</Filter>
    </ClInclude>
    <ClInclude Include="src\Garage\Core.h">
      <Filter>Garage</Filter>
    </ClInclude>
    <ClInclude Include="src\Garage\EntryPoint.h">
      <Filter>Garage</Filter>
    </ClInclude>
    <ClInclude Include="src\Garage\Log.h">
      <Filter>Garage</Filter>
    </ClInclude>
  </ItemGroup>
  <ItemGroup>
    <ClCompile Include="src\Garage\Application.cpp">
      <Filter>Garage</Filter>
    </ClCompile>
    <ClCompile Include="src\Garage\Log.cpp">
      <Filter>Garage</Filter>
    </ClCompile>
  </ItemGroup>
</Project>